
Microsoft Visual Studio Solution File, Format Version 12.00
# Visual Studio Version 17
VisualStudioVersion = 17.11.35312.102
MinimumVisualStudioVersion = 10.0.40219.1
Project("{FAE04EC0-301F-11D3-BF4B-00C04F79EFBC}") = "GUI_WPF", "GUI_WPF\GUI_WPF.csproj", "{31AD8009-0655-4E6C-AAB7-C4FF2B8E6EFB}"
EndProject
Global
	GlobalSection(SolutionConfigurationPlatforms) = preSolution
		Debug|Any CPU = Debug|Any CPU
		Release|Any CPU = Release|Any CPU
	EndGlobalSection
	GlobalSection(ProjectConfigurationPlatforms) = postSolution
		{31AD8009-0655-4E6C-AAB7-C4FF2B8E6EFB}.Debug|Any CPU.ActiveCfg = Debug|Any CPU
		{31AD8009-0655-4E6C-AAB7-C4FF2B8E6EFB}.Debug|Any CPU.Build.0 = Debug|Any CPU
		{31AD8009-0655-4E6C-AAB7-C4FF2B8E6EFB}.Release|Any CPU.ActiveCfg = Release|Any CPU
		{31AD8009-0655-4E6C-AAB7-C4FF2B8E6EFB}.Release|Any CPU.Build.0 = Release|Any CPU
	EndGlobalSection
	GlobalSection(SolutionProperties) = preSolution
		HideSolutionNode = FALSE
	EndGlobalSection
	GlobalSection(ExtensibilityGlobals) = postSolution
		SolutionGuid = {64C3FD15-48BA-4581-8847-0AD7A557BFC7}
	EndGlobalSection
EndGlobal
